
Microsoft Visual Studio Solution File, Format Version 12.00
# Visual Studio Version 16
VisualStudioVersion = 16.0.31515.178
MinimumVisualStudioVersion = 10.0.40219.1
Project("{FAE04EC0-301F-11D3-BF4B-00C04F79EFBC}") = "PrismFlyoutPage", "PrismFlyoutPage\PrismFlyoutPage.csproj", "{BD017C20-61E5-4059-9491-9DFB7BA89800}"
EndProject
Project("{FAE04EC0-301F-11D3-BF4B-00C04F79EFBC}") = "PrismFlyoutPage.Android", "PrismFlyoutPage.Android\PrismFlyoutPage.Android.csproj", "{459D524C-D32D-4AFF-91F1-DCA41F7E165C}"
EndProject
Project("{FAE04EC0-301F-11D3-BF4B-00C04F79EFBC}") = "PrismFlyoutPage.iOS", "PrismFlyoutPage.iOS\PrismFlyoutPage.iOS.csproj", "{2E5B285C-02BC-4F72-B9AC-B04E4ABAAB5F}"
EndProject
Global
	GlobalSection(SolutionConfigurationPlatforms) = preSolution
		Ad-Hoc|Any CPU = Ad-Hoc|Any CPU
		Ad-Hoc|iPhone = Ad-Hoc|iPhone
		Ad-Hoc|iPhoneSimulator = Ad-Hoc|iPhoneSimulator
		AppStore|Any CPU = AppStore|Any CPU
		AppStore|iPhone = AppStore|iPhone
		AppStore|iPhoneSimulator = AppStore|iPhoneSimulator
		Debug|Any CPU = Debug|Any CPU
		Debug|iPhone = Debug|iPhone
		Debug|iPhoneSimulator = Debug|iPhoneSimulator
		Release|Any CPU = Release|Any CPU
		Release|iPhone = Release|iPhone
		Release|iPhoneSimulator = Release|iPhoneSimulator
	EndGlobalSection
	GlobalSection(ProjectConfigurationPlatforms) = postSolution
		{BD017C20-61E5-4059-9491-9DFB7BA89800}.Ad-Hoc|Any CPU.ActiveCfg = Debug|Any CPU
		{BD017C20-61E5-4059-9491-9DFB7BA89800}.Ad-Hoc|Any CPU.Build.0 = Debug|Any CPU
		{BD017C20-61E5-4059-9491-9DFB7BA89800}.Ad-Hoc|iPhone.ActiveCfg = Debug|Any CPU
		{BD017C20-61E5-4059-9491-9DFB7BA89800}.Ad-Hoc|iPhone.Build.0 = Debug|Any CPU
		{BD017C20-61E5-4059-9491-9DFB7BA89800}.Ad-Hoc|iPhoneSimulator.ActiveCfg = Debug|Any CPU
		{BD017C20-61E5-4059-9491-9DFB7BA89800}.Ad-Hoc|iPhoneSimulator.Build.0 = Debug|Any CPU
		{BD017C20-61E5-4059-9491-9DFB7BA89800}.AppStore|Any CPU.ActiveCfg = Debug|Any CPU
		{BD017C20-61E5-4059-9491-9DFB7BA89800}.AppStore|Any CPU.Build.0 = Debug|Any CPU
		{BD017C20-61E5-4059-9491-9DFB7BA89800}.AppStore|iPhone.ActiveCfg = Debug|Any CPU
		{BD017C20-61E5-4059-9491-9DFB7BA89800}.AppStore|iPhone.Build.0 = Debug|Any CPU
		{BD017C20-61E5-4059-9491-9DFB7BA89800}.AppStore|iPhoneSimulator.ActiveCfg = Debug|Any CPU
		{BD017C20-61E5-4059-9491-9DFB7BA89800}.AppStore|iPhoneSimulator.Build.0 = Debug|Any CPU
		{BD017C20-61E5-4059-9491-9DFB7BA89800}.Debug|Any CPU.ActiveCfg = Debug|Any CPU
		{BD017C20-61E5-4059-9491-9DFB7BA89800}.Debug|Any CPU.Build.0 = Debug|Any CPU
		{BD017C20-61E5-4059-9491-9DFB7BA89800}.Debug|iPhone.ActiveCfg = Debug|Any CPU
		{BD017C20-61E5-4059-9491-9DFB7BA89800}.Debug|iPhone.Build.0 = Debug|Any CPU
		{BD017C20-61E5-4059-9491-9DFB7BA89800}.Debug|iPhoneSimulator.ActiveCfg = Debug|Any CPU
		{BD017C20-61E5-4059-9491-9DFB7BA89800}.Debug|iPhoneSimulator.Build.0 = Debug|Any CPU
		{BD017C20-61E5-4059-9491-9DFB7BA89800}.Release|Any CPU.ActiveCfg = Release|Any CPU
		{BD017C20-61E5-4059-9491-9DFB7BA89800}.Release|Any CPU.Build.0 = Release|Any CPU
		{BD017C20-61E5-4059-9491-9DFB7BA89800}.Release|iPhone.ActiveCfg = Release|Any CPU
		{BD017C20-61E5-4059-9491-9DFB7BA89800}.Release|iPhone.Build.0 = Release|Any CPU
		{BD017C20-61E5-4059-9491-9DFB7BA89800}.Release|iPhoneSimulator.ActiveCfg = Release|Any CPU
		{BD017C20-61E5-4059-9491-9DFB7BA89800}.Release|iPhoneSimulator.Build.0 = Release|Any CPU
		{459D524C-D32D-4AFF-91F1-DCA41F7E165C}.Ad-Hoc|Any CPU.ActiveCfg = Debug|Any CPU
		{459D524C-D32D-4AFF-91F1-DCA41F7E165C}.Ad-Hoc|Any CPU.Build.0 = Debug|Any CPU
		{459D524C-D32D-4AFF-91F1-DCA41F7E165C}.Ad-Hoc|Any CPU.Deploy.0 = Debug|Any CPU
		{459D524C-D32D-4AFF-91F1-DCA41F7E165C}.Ad-Hoc|iPhone.ActiveCfg = Debug|Any CPU
		{459D524C-D32D-4AFF-91F1-DCA41F7E165C}.Ad-Hoc|iPhone.Build.0 = Debug|Any CPU
		{459D524C-D32D-4AFF-91F1-DCA41F7E165C}.Ad-Hoc|iPhone.Deploy.0 = Debug|Any CPU
		{459D524C-D32D-4AFF-91F1-DCA41F7E165C}.Ad-Hoc|iPhoneSimulator.ActiveCfg = Debug|Any CPU
		{459D524C-D32D-4AFF-91F1-DCA41F7E165C}.Ad-Hoc|iPhoneSimulator.Build.0 = Debug|Any CPU
		{459D524C-D32D-4AFF-91F1-DCA41F7E165C}.Ad-Hoc|iPhoneSimulator.Deploy.0 = Debug|Any CPU
		{459D524C-D32D-4AFF-91F1-DCA41F7E165C}.AppStore|Any CPU.ActiveCfg = Debug|Any CPU
		{459D524C-D32D-4AFF-91F1-DCA41F7E165C}.AppStore|Any CPU.Build.0 = Debug|Any CPU
		{459D524C-D32D-4AFF-91F1-DCA41F7E165C}.AppStore|Any CPU.Deploy.0 = Debug|Any CPU
		{459D524C-D32D-4AFF-91F1-DCA41F7E165C}.AppStore|iPhone.ActiveCfg = Debug|Any CPU
		{459D524C-D32D-4AFF-91F1-DCA41F7E165C}.AppStore|iPhone.Build.0 = Debug|Any CPU
		{459D524C-D32D-4AFF-91F1-DCA41F7E165C}.AppStore|iPhone.Deploy.0 = Debug|Any CPU
		{459D524C-D32D-4AFF-91F1-DCA41F7E165C}.AppStore|iPhoneSimulator.ActiveCfg = Debug|Any CPU
		{459D524C-D32D-4AFF-91F1-DCA41F7E165C}.AppStore|iPhoneSimulator.Build.0 = Debug|Any CPU
		{459D524C-D32D-4AFF-91F1-DCA41F7E165C}.AppStore|iPhoneSimulator.Deploy.0 = Debug|Any CPU
		{459D524C-D32D-4AFF-91F1-DCA41F7E165C}.Debug|Any CPU.ActiveCfg = Debug|Any CPU
		{459D524C-D32D-4AFF-91F1-DCA41F7E165C}.Debug|Any CPU.Build.0 = Debug|Any CPU
		{459D524C-D32D-4AFF-91F1-DCA41F7E165C}.Debug|Any CPU.Deploy.0 = Debug|Any CPU
		{459D524C-D32D-4AFF-91F1-DCA41F7E165C}.Debug|iPhone.ActiveCfg = Debug|Any CPU
		{459D524C-D32D-4AFF-91F1-DCA41F7E165C}.Debug|iPhone.Build.0 = Debug|Any CPU
		{459D524C-D32D-4AFF-91F1-DCA41F7E165C}.Debug|iPhone.Deploy.0 = Debug|Any CPU
		{459D524C-D32D-4AFF-91F1-DCA41F7E165C}.Debug|iPhoneSimulator.ActiveCfg = Debug|Any CPU
		{459D524C-D32D-4AFF-91F1-DCA41F7E165C}.Debug|iPhoneSimulator.Build.0 = Debug|Any CPU
		{459D524C-D32D-4AFF-91F1-DCA41F7E165C}.Debug|iPhoneSimulator.Deploy.0 = Debug|Any CPU
		{459D524C-D32D-4AFF-91F1-DCA41F7E165C}.Release|Any CPU.ActiveCfg = Release|Any CPU
		{459D524C-D32D-4AFF-91F1-DCA41F7E165C}.Release|Any CPU.Build.0 = Release|Any CPU
		{459D524C-D32D-4AFF-91F1-DCA41F7E165C}.Release|Any CPU.Deploy.0 = Release|Any CPU
		{459D524C-D32D-4AFF-91F1-DCA41F7E165C}.Release|iPhone.ActiveCfg = Release|Any CPU
		{459D524C-D32D-4AFF-91F1-DCA41F7E165C}.Release|iPhone.Build.0 = Release|Any CPU
		{459D524C-D32D-4AFF-91F1-DCA41F7E165C}.Release|iPhone.Deploy.0 = Release|Any CPU
		{459D524C-D32D-4AFF-91F1-DCA41F7E165C}.Release|iPhoneSimulator.ActiveCfg = Release|Any CPU
		{459D524C-D32D-4AFF-91F1-DCA41F7E165C}.Release|iPhoneSimulator.Build.0 = Release|Any CPU
		{459D524C-D32D-4AFF-91F1-DCA41F7E165C}.Release|iPhoneSimulator.Deploy.0 = Release|Any CPU
		{2E5B285C-02BC-4F72-B9AC-B04E4ABAAB5F}.Ad-Hoc|Any CPU.ActiveCfg = Ad-Hoc|iPhoneSimulator
		{2E5B285C-02BC-4F72-B9AC-B04E4ABAAB5F}.Ad-Hoc|iPhone.ActiveCfg = Ad-Hoc|iPhone
		{2E5B285C-02BC-4F72-B9AC-B04E4ABAAB5F}.Ad-Hoc|iPhone.Build.0 = Ad-Hoc|iPhone
		{2E5B285C-02BC-4F72-B9AC-B04E4ABAAB5F}.Ad-Hoc|iPhoneSimulator.ActiveCfg = Ad-Hoc|iPhoneSimulator
		{2E5B285C-02BC-4F72-B9AC-B04E4ABAAB5F}.Ad-Hoc|iPhoneSimulator.Build.0 = Ad-Hoc|iPhoneSimulator
		{2E5B285C-02BC-4F72-B9AC-B04E4ABAAB5F}.AppStore|Any CPU.ActiveCfg = AppStore|iPhoneSimulator
		{2E5B285C-02BC-4F72-B9AC-B04E4ABAAB5F}.AppStore|iPhone.ActiveCfg = AppStore|iPhone
		{2E5B285C-02BC-4F72-B9AC-B04E4ABAAB5F}.AppStore|iPhone.Build.0 = AppStore|iPhone
		{2E5B285C-02BC-4F72-B9AC-B04E4ABAAB5F}.AppStore|iPhoneSimulator.ActiveCfg = AppStore|iPhoneSimulator
		{2E5B285C-02BC-4F72-B9AC-B04E4ABAAB5F}.AppStore|iPhoneSimulator.Build.0 = AppStore|iPhoneSimulator
		{2E5B285C-02BC-4F72-B9AC-B04E4ABAAB5F}.Debug|Any CPU.ActiveCfg = Debug|iPhoneSimulator
		{2E5B285C-02BC-4F72-B9AC-B04E4ABAAB5F}.Debug|iPhone.ActiveCfg = Debug|iPhone
		{2E5B285C-02BC-4F72-B9AC-B04E4ABAAB5F}.Debug|iPhone.Build.0 = Debug|iPhone
		{2E5B285C-02BC-4F72-B9AC-B04E4ABAAB5F}.Debug|iPhoneSimulator.ActiveCfg = Debug|iPhoneSimulator
		{2E5B285C-02BC-4F72-B9AC-B04E4ABAAB5F}.Debug|iPhoneSimulator.Build.0 = Debug|iPhoneSimulator
		{2E5B285C-02BC-4F72-B9AC-B04E4ABAAB5F}.Release|Any CPU.ActiveCfg = Release|iPhoneSimulator
		{2E5B285C-02BC-4F72-B9AC-B04E4ABAAB5F}.Release|iPhone.ActiveCfg = Release|iPhone
		{2E5B285C-02BC-4F72-B9AC-B04E4ABAAB5F}.Release|iPhone.Build.0 = Release|iPhone
		{2E5B285C-02BC-4F72-B9AC-B04E4ABAAB5F}.Release|iPhoneSimulator.ActiveCfg = Release|iPhoneSimulator
		{2E5B285C-02BC-4F72-B9AC-B04E4ABAAB5F}.Release|iPhoneSimulator.Build.0 = Release|iPhoneSimulator
	EndGlobalSection
	GlobalSection(SolutionProperties) = preSolution
		HideSolutionNode = FALSE
	EndGlobalSection
	GlobalSection(ExtensibilityGlobals) = postSolution
		SolutionGuid = {FDC659CE-15FB-4E59-9BC8-C1F18AC21353}
	EndGlobalSection
EndGlobal
